{
  "object": {
    "pins": [
      {
        "package": "EditMenu",
        "repositoryURL": "https://github.com/jayrhynas/EditMenu",
        "state": {
          "branch": null,
          "revision": "5fde7775a9c51ce864972ff0635355ec2ae04279",
          "version": "0.0.1"
        }
      },
      {
        "package": "HighlightedTextEditor",
        "repositoryURL": "https://github.com/kyle-n/HighlightedTextEditor",
        "state": {
          "branch": null,
          "revision": "7069ede002afc6bde867aef7035f45ff72dc839c",
          "version": "2.1.0"
        }
      },
      {
        "package": "RealmDatabase",
        "repositoryURL": "https://github.com/realm/realm-core.git",
        "state": {
          "branch": null,
          "revision": "c04f5e401a1ec682e6b08b1ee157e19a0f834a5f",
          "version": "13.17.1"
        }
      },
      {
        "package": "Realm",
        "repositoryURL": "https://github.com/realm/realm-swift.git",
        "state": {
          "branch": "master",
          "revision": "752f8ae418f97c7e90c2c83ebeeb534c0357df4d",
          "version": null
        }
      }
    ]
  },
  "version": 1
}
